{
  "originHash" : "6e61408fbcd35ca8913de71f51375dd6a6817bbb7257da19fd31cdc6ae601b99",
  "pins" : [
    {
      "identity" : "progresshud",
      "kind" : "remoteSourceControl",
      "location" : "https://github.com/relatedcode/ProgressHUD",
      "state" : {
        "revision" : "4aa638a88450d6d48a6620070722e875e7a179ef",
        "version" : "14.1.4"
      }
    },
    {
      "identity" : "swift-log",
      "kind" : "remoteSourceControl",
      "location" : "https://github.com/apple/swift-log.git",
      "state" : {
        "revision" : "8c0f217f01000dd30f60d6e536569ad4e74291f9",
        "version" : "1.11.0"
      }
    }
  ],
  "version" : 3
}
